
Microsoft Visual Studio Solution File, Format Version 12.00
# Visual Studio Version 17
VisualStudioVersion = 17.10.35027.167
MinimumVisualStudioVersion = 10.0.40219.1
Project("{2150E333-8FDC-42A3-9474-1A3956D46DE8}") = "Application", "Application", "{080DFDAB-1C8B-4118-82A6-D9D4881D005F}"
EndProject
Project("{2150E333-8FDC-42A3-9474-1A3956D46DE8}") = "Domain", "Domain", "{74889E63-A997-4F6C-A98B-B8EA45D31C59}"
EndProject
Project("{2150E333-8FDC-42A3-9474-1A3956D46DE8}") = "Infrastructure", "Infrastructure", "{0E5F33BE-1CFC-4971-9310-4DFC0D114084}"
EndProject
Project("{2150E333-8FDC-42A3-9474-1A3956D46DE8}") = "Test", "Test", "{3F60848A-AA77-4A25-AEEC-6541B618F010}"
EndProject
Project("{2150E333-8FDC-42A3-9474-1A3956D46DE8}") = "API", "API", "{731B8787-5054-4F50-AC83-0CB4F7E37642}"
EndProject
Project("{FAE04EC0-301F-11D3-BF4B-00C04F79EFBC}") = "Transactions.API", "Transactions.API\Transactions.API.csproj", "{8AC8C22B-4294-4FF3-98A4-B5EDA06F7E01}"
EndProject
Project("{FAE04EC0-301F-11D3-BF4B-00C04F79EFBC}") = "Transactions.Application", "Transactions.Application\Transactions.Application.csproj", "{B9564F58-F9EF-4046-8B1B-7ACD7E4C68DE}"
EndProject
Project("{FAE04EC0-301F-11D3-BF4B-00C04F79EFBC}") = "Transactions.Domain", "Transactions.Domain\Transactions.Domain.csproj", "{A7872B4C-6A32-4346-A80C-E9DF88CCC91D}"
EndProject
Project("{FAE04EC0-301F-11D3-BF4B-00C04F79EFBC}") = "Transactions.Infrastructure", "Transactions.Infrastructure\Transactions.Infrastructure.csproj", "{A076FA17-DC01-42B3-8131-74E566519C61}"
EndProject
Project("{FAE04EC0-301F-11D3-BF4B-00C04F79EFBC}") = "Transactions.Test", "Transactions.Test\Transactions.Test.csproj", "{BE4D7B2D-9B32-4C29-9935-40BB1CE10B3D}"
EndProject
Project("{FAE04EC0-301F-11D3-BF4B-00C04F79EFBC}") = "Transactions.Infrastructure.DI", "Transactions.Infrastructure.DI\Transactions.Infrastructure.DI.csproj", "{28AB8FDF-5A38-48FF-9225-4DE2D5573D2E}"
EndProject
Global
	GlobalSection(SolutionConfigurationPlatforms) = preSolution
		Debug|Any CPU = Debug|Any CPU
		Release|Any CPU = Release|Any CPU
	EndGlobalSection
	GlobalSection(ProjectConfigurationPlatforms) = postSolution
		{8AC8C22B-4294-4FF3-98A4-B5EDA06F7E01}.Debug|Any CPU.ActiveCfg = Debug|Any CPU
		{8AC8C22B-4294-4FF3-98A4-B5EDA06F7E01}.Debug|Any CPU.Build.0 = Debug|Any CPU
		{8AC8C22B-4294-4FF3-98A4-B5EDA06F7E01}.Release|Any CPU.ActiveCfg = Release|Any CPU
		{8AC8C22B-4294-4FF3-98A4-B5EDA06F7E01}.Release|Any CPU.Build.0 = Release|Any CPU
		{B9564F58-F9EF-4046-8B1B-7ACD7E4C68DE}.Debug|Any CPU.ActiveCfg = Debug|Any CPU
		{B9564F58-F9EF-4046-8B1B-7ACD7E4C68DE}.Debug|Any CPU.Build.0 = Debug|Any CPU
		{B9564F58-F9EF-4046-8B1B-7ACD7E4C68DE}.Release|Any CPU.ActiveCfg = Release|Any CPU
		{B9564F58-F9EF-4046-8B1B-7ACD7E4C68DE}.Release|Any CPU.Build.0 = Release|Any CPU
		{A7872B4C-6A32-4346-A80C-E9DF88CCC91D}.Debug|Any CPU.ActiveCfg = Debug|Any CPU
		{A7872B4C-6A32-4346-A80C-E9DF88CCC91D}.Debug|Any CPU.Build.0 = Debug|Any CPU
		{A7872B4C-6A32-4346-A80C-E9DF88CCC91D}.Release|Any CPU.ActiveCfg = Release|Any CPU
		{A7872B4C-6A32-4346-A80C-E9DF88CCC91D}.Release|Any CPU.Build.0 = Release|Any CPU
		{A076FA17-DC01-42B3-8131-74E566519C61}.Debug|Any CPU.ActiveCfg = Debug|Any CPU
		{A076FA17-DC01-42B3-8131-74E566519C61}.Debug|Any CPU.Build.0 = Debug|Any CPU
		{A076FA17-DC01-42B3-8131-74E566519C61}.Release|Any CPU.ActiveCfg = Release|Any CPU
		{A076FA17-DC01-42B3-8131-74E566519C61}.Release|Any CPU.Build.0 = Release|Any CPU
		{BE4D7B2D-9B32-4C29-9935-40BB1CE10B3D}.Debug|Any CPU.ActiveCfg = Debug|Any CPU
		{BE4D7B2D-9B32-4C29-9935-40BB1CE10B3D}.Debug|Any CPU.Build.0 = Debug|Any CPU
		{BE4D7B2D-9B32-4C29-9935-40BB1CE10B3D}.Release|Any CPU.ActiveCfg = Release|Any CPU
		{BE4D7B2D-9B32-4C29-9935-40BB1CE10B3D}.Release|Any CPU.Build.0 = Release|Any CPU
		{28AB8FDF-5A38-48FF-9225-4DE2D5573D2E}.Debug|Any CPU.ActiveCfg = Debug|Any CPU
		{28AB8FDF-5A38-48FF-9225-4DE2D5573D2E}.Debug|Any CPU.Build.0 = Debug|Any CPU
		{28AB8FDF-5A38-48FF-9225-4DE2D5573D2E}.Release|Any CPU.ActiveCfg = Release|Any CPU
		{28AB8FDF-5A38-48FF-9225-4DE2D5573D2E}.Release|Any CPU.Build.0 = Release|Any CPU
	EndGlobalSection
	GlobalSection(SolutionProperties) = preSolution
		HideSolutionNode = FALSE
	EndGlobalSection
	GlobalSection(NestedProjects) = preSolution
		{8AC8C22B-4294-4FF3-98A4-B5EDA06F7E01} = {731B8787-5054-4F50-AC83-0CB4F7E37642}
		{B9564F58-F9EF-4046-8B1B-7ACD7E4C68DE} = {080DFDAB-1C8B-4118-82A6-D9D4881D005F}
		{A7872B4C-6A32-4346-A80C-E9DF88CCC91D} = {74889E63-A997-4F6C-A98B-B8EA45D31C59}
		{A076FA17-DC01-42B3-8131-74E566519C61} = {0E5F33BE-1CFC-4971-9310-4DFC0D114084}
		{BE4D7B2D-9B32-4C29-9935-40BB1CE10B3D} = {3F60848A-AA77-4A25-AEEC-6541B618F010}
		{28AB8FDF-5A38-48FF-9225-4DE2D5573D2E} = {0E5F33BE-1CFC-4971-9310-4DFC0D114084}
	EndGlobalSection
	GlobalSection(ExtensibilityGlobals) = postSolution
		SolutionGuid = {F9CB2D58-6348-4C53-A07A-8F429F134AAF}
	EndGlobalSection
EndGlobal
